
Microsoft Visual Studio Solution File, Format Version 12.00
# Visual Studio 14
VisualStudioVersion = 14.0.24720.0
MinimumVisualStudioVersion = 10.0.40219.1
Project("{FAE04EC0-301F-11D3-BF4B-00C04F79EFBC}") = "WindowsFormsApplication1", "WindowsFormsApplication1\WindowsFormsApplication1.csproj", "{357A4F07-081F-4C70-B5F2-B04FFAABCBDD}"
EndProject
Global
	GlobalSection(SolutionConfigurationPlatforms) = preSolution
		Debug|Any CPU = Debug|Any CPU
		Release|Any CPU = Release|Any CPU
	EndGlobalSection
	GlobalSection(ProjectConfigurationPlatforms) = postSolution
		{357A4F07-081F-4C70-B5F2-B04FFAABCBDD}.Debug|Any CPU.ActiveCfg = Debug|Any CPU
		{357A4F07-081F-4C70-B5F2-B04FFAABCBDD}.Debug|Any CPU.Build.0 = Debug|Any CPU
		{357A4F07-081F-4C70-B5F2-B04FFAABCBDD}.Release|Any CPU.ActiveCfg = Release|Any CPU
		{357A4F07-081F-4C70-B5F2-B04FFAABCBDD}.Release|Any CPU.Build.0 = Release|Any CPU
	EndGlobalSection
	GlobalSection(SolutionProperties) = preSolution
		HideSolutionNode = FALSE
	EndGlobalSection
EndGlobal
